// !$*UTF8*$!
{
	archiveVersion = 1;
	classes = {
	};
	objectVersion = 50;
	objects = {

/* Begin PBXBuildFile section */
		A419BA8B2416E4AF00D24472 /* AppDelegate.swift in Sources */ = {isa = PBXBuildFile; fileRef = A419BA8A2416E4AF00D24472 /* AppDelegate.swift */; };
		A419BA8D2416E4AF00D24472 /* SceneDelegate.swift in Sources */ = {isa = PBXBuildFile; fileRef = A419BA8C2416E4AF00D24472 /* SceneDelegate.swift */; };
		A419BA912416E4B100D24472 /* Assets.xcassets in Resources */ = {isa = PBXBuildFile; fileRef = A419BA902416E4B100D24472 /* Assets.xcassets */; };
		A419BA942416E4B100D24472 /* Preview Assets.xcassets in Resources */ = {isa = PBXBuildFile; fileRef = A419BA932416E4B100D24472 /* Preview Assets.xcassets */; };
		A419BA972416E4B100D24472 /* LaunchScreen.storyboard in Resources */ = {isa = PBXBuildFile; fileRef = A419BA952416E4B100D24472 /* LaunchScreen.storyboard */; };
		A419BAA32416E55800D24472 /* IDInfo.swift in Sources */ = {isa = PBXBuildFile; fileRef = A419BAA12416E55800D24472 /* IDInfo.swift */; };
		A419BAA42416E55800D24472 /* ContentView.swift in Sources */ = {isa = PBXBuildFile; fileRef = A419BA9E2416E55800D24472 /* ContentView.swift */; };
		A419BAA52416E55800D24472 /* ListView.swift in Sources */ = {isa = PBXBuildFile; fileRef = A419BA9F2416E55800D24472 /* ListView.swift */; };
		A419BAA62416E55800D24472 /* Movie.swift in Sources */ = {isa = PBXBuildFile; fileRef = A419BAA02416E55800D24472 /* Movie.swift */; };
		A419BAA72416E55800D24472 /* Request.swift in Sources */ = {isa = PBXBuildFile; fileRef = A419BAA22416E55800D24472 /* Request.swift */; };
		A4A09CAF2417E42D007A03D0 /* ios6styleButton.swift in Sources */ = {isa = PBXBuildFile; fileRef = A4A09CAE2417E42D007A03D0 /* ios6styleButton.swift */; };
/* End PBXBuildFile section */

/* Begin PBXFileReference section */
		A419BA872416E4AF00D24472 /* ios-onlab.app */ = {isa = PBXFileReference; explicitFileType = wrapper.application; includeInIndex = 0; path = "ios-onlab.app"; sourceTree = BUILT_PRODUCTS_DIR; };
		A419BA8A2416E4AF00D24472 /* AppDelegate.swift */ = {isa = PBXFileReference; lastKnownFileType = sourcecode.swift; path = AppDelegate.swift; sourceTree = "<group>"; };
		A419BA8C2416E4AF00D24472 /* SceneDelegate.swift */ = {isa = PBXFileReference; lastKnownFileType = sourcecode.swift; path = SceneDelegate.swift; sourceTree = "<group>"; };
		A419BA902416E4B100D24472 /* Assets.xcassets */ = {isa = PBXFileReference; lastKnownFileType = folder.assetcatalog; path = Assets.xcassets; sourceTree = "<group>"; };
		A419BA932416E4B100D24472 /* Preview Assets.xcassets */ = {isa = PBXFileReference; lastKnownFileType = folder.assetcatalog; path = "Preview Assets.xcassets"; sourceTree = "<group>"; };
		A419BA962416E4B100D24472 /* Base */ = {isa = PBXFileReference; lastKnownFileType = file.storyboard; name = Base; path = Base.lproj/LaunchScreen.storyboard; sourceTree = "<group>"; };
		A419BA982416E4B100D24472 /* Info.plist */ = {isa = PBXFileReference; lastKnownFileType = text.plist.xml; path = Info.plist; sourceTree = "<group>"; };
		A419BA9E2416E55800D24472 /* ContentView.swift */ = {isa = PBXFileReference; lastKnownFileType = sourcecode.swift; name = ContentView.swift; path = "/Users/morvaybalazs1/Documents/onlab/ios-onlab/ios-onlab/ContentView.swift"; sourceTree = "<absolute>"; };
		A419BA9F2416E55800D24472 /* ListView.swift */ = {isa = PBXFileReference; lastKnownFileType = sourcecode.swift; name = ListView.swift; path = "/Users/morvaybalazs1/Documents/onlab/ios-onlab/ios-onlab/ListView.swift"; sourceTree = "<absolute>"; };
		A419BAA02416E55800D24472 /* Movie.swift */ = {isa = PBXFileReference; lastKnownFileType = sourcecode.swift; name = Movie.swift; path = "/Users/morvaybalazs1/Documents/onlab/ios-onlab/ios-onlab/Movie.swift"; sourceTree = "<absolute>"; };
		A419BAA12416E55800D24472 /* IDInfo.swift */ = {isa = PBXFileReference; lastKnownFileType = sourcecode.swift; name = IDInfo.swift; path = "/Users/morvaybalazs1/Documents/onlab/ios-onlab/ios-onlab/IDInfo.swift"; sourceTree = "<absolute>"; };
		A419BAA22416E55800D24472 /* Request.swift */ = {isa = PBXFileReference; lastKnownFileType = sourcecode.swift; name = Request.swift; path = "/Users/morvaybalazs1/Documents/onlab/ios-onlab/ios-onlab/Request.swift"; sourceTree = "<absolute>"; };
		A4A09CAE2417E42D007A03D0 /* ios6styleButton.swift */ = {isa = PBXFileReference; lastKnownFileType = sourcecode.swift; path = ios6styleButton.swift; sourceTree = "<group>"; };
/* End PBXFileReference section */

/* Begin PBXFrameworksBuildPhase section */
		A419BA842416E4AF00D24472 /* Frameworks */ = {
			isa = PBXFrameworksBuildPhase;
			buildActionMask = 2147483647;
			files = (
			);
			runOnlyForDeploymentPostprocessing = 0;
		};
/* End PBXFrameworksBuildPhase section */

/* Begin PBXGroup section */
		A419BA7E2416E4AF00D24472 = {
			isa = PBXGroup;
			children = (
				A419BA892416E4AF00D24472 /* ios-onlab */,
				A419BA882416E4AF00D24472 /* Products */,
			);
			sourceTree = "<group>";
		};
		A419BA882416E4AF00D24472 /* Products */ = {
			isa = PBXGroup;
			children = (
				A419BA872416E4AF00D24472 /* ios-onlab.app */,
			);
			name = Products;
			sourceTree = "<group>";
		};
		A419BA892416E4AF00D24472 /* ios-onlab */ = {
			isa = PBXGroup;
			children = (
				A419BA9E2416E55800D24472 /* ContentView.swift */,
				A419BAA12416E55800D24472 /* IDInfo.swift */,
				A419BA9F2416E55800D24472 /* ListView.swift */,
				A419BAA02416E55800D24472 /* Movie.swift */,
				A419BAA22416E55800D24472 /* Request.swift */,
				A4A09CAE2417E42D007A03D0 /* ios6styleButton.swift */,
				A419BA8A2416E4AF00D24472 /* AppDelegate.swift */,
				A419BA8C2416E4AF00D24472 /* SceneDelegate.swift */,
				A419BA902416E4B100D24472 /* Assets.xcassets */,
				A419BA952416E4B100D24472 /* LaunchScreen.storyboard */,
				A419BA982416E4B100D24472 /* Info.plist */,
				A419BA922416E4B100D24472 /* Preview Content */,
			);
			path = "ios-onlab";
			sourceTree = "<group>";
		};
		A419BA922416E4B100D24472 /* Preview Content */ = {
			isa = PBXGroup;
			children = (
				A419BA932416E4B100D24472 /* Preview Assets.xcassets */,
			);
			path = "Preview Content";
			sourceTree = "<group>";
		};
/* End PBXGroup section */

/* Begin PBXNativeTarget section */
		A419BA862416E4AF00D24472 /* ios-onlab */ = {
			isa = PBXNativeTarget;
			buildConfigurationList = A419BA9B2416E4B100D24472 /* Build configuration list for PBXNativeTarget "ios-onlab" */;
			buildPhases = (
				A419BA832416E4AF00D24472 /* Sources */,
				A419BA842416E4AF00D24472 /* Frameworks */,
				A419BA852416E4AF00D24472 /* Resources */,
			);
			buildRules = (
			);
			dependencies = (
			);
			name = "ios-onlab";
			productName = "ios-onlab";
			productReference = A419BA872416E4AF00D24472 /* ios-onlab.app */;
			productType = "com.apple.product-type.application";
		};
/* End PBXNativeTarget section */

/* Begin PBXProject section */
		A419BA7F2416E4AF00D24472 /* Project object */ = {
			isa = PBXProject;
			attributes = {
				LastSwiftUpdateCheck = 1130;
				LastUpgradeCheck = 1130;
				ORGANIZATIONNAME = "BME AUT";
				TargetAttributes = {
					A419BA862416E4AF00D24472 = {
						CreatedOnToolsVersion = 11.3.1;
					};
				};
			};
			buildConfigurationList = A419BA822416E4AF00D24472 /* Build configuration list for PBXProject "ios-onlab" */;
			compatibilityVersion = "Xcode 9.3";
			developmentRegion = en;
			hasScannedForEncodings = 0;
			knownRegions = (
				en,
				Base,
			);
			mainGroup = A419BA7E2416E4AF00D24472;
			productRefGroup = A419BA882416E4AF00D24472 /* Products */;
			projectDirPath = "";
			projectRoot = "";
			targets = (
				A419BA862416E4AF00D24472 /* ios-onlab */,
			);
		};
/* End PBXProject section */

/* Begin PBXResourcesBuildPhase section */
		A419BA852416E4AF00D24472 /* Resources */ = {
			isa = PBXResourcesBuildPhase;
			buildActionMask = 2147483647;
			files = (
				A419BA972416E4B100D24472 /* LaunchScreen.storyboard in Resources */,
				A419BA942416E4B100D24472 /* Preview Assets.xcassets in Resources */,
				A419BA912416E4B100D24472 /* Assets.xcassets in Resources */,
			);
			runOnlyForDeploymentPostprocessing = 0;
		};
/* End PBXResourcesBuildPhase section */

/* Begin PBXSourcesBuildPhase section */
		A419BA832416E4AF00D24472 /* Sources */ = {
			isa = PBXSourcesBuildPhase;
			buildActionMask = 2147483647;
			files = (
				A419BAA32416E55800D24472 /* IDInfo.swift in Sources */,
				A419BA8B2416E4AF00D24472 /* AppDelegate.swift in Sources */,
				A419BAA62416E55800D24472 /* Movie.swift in Sources */,
				A419BAA52416E55800D24472 /* ListView.swift in Sources */,
				A419BAA72416E55800D24472 /* Request.swift in Sources */,
				A419BAA42416E55800D24472 /* ContentView.swift in Sources */,
				A4A09CAF2417E42D007A03D0 /* ios6styleButton.swift in Sources */,
				A419BA8D2416E4AF00D24472 /* SceneDelegate.swift in Sources */,
			);
			runOnlyForDeploymentPostprocessing = 0;
		};
/* End PBXSourcesBuildPhase section */

/* Begin PBXVariantGroup section */
		A419BA952416E4B100D24472 /* LaunchScreen.storyboard */ = {
			isa = PBXVariantGroup;
			children = (
				A419BA962416E4B100D24472 /* Base */,
			);
			name = LaunchScreen.storyboard;
			sourceTree = "<group>";
		};
/* End PBXVariantGroup section */

/* Begin XCBuildConfiguration section */
		A419BA992416E4B100D24472 /* Debug */ = {
			isa = XCBuildConfiguration;
			buildSettings = {
				ALWAYS_SEARCH_USER_PATHS = NO;
				CLANG_ANALYZER_NONNULL = YES;
				CLANG_ANALYZER_NUMBER_OBJECT_CONVERSION = YES_AGGRESSIVE;
				CLANG_CXX_LANGUAGE_STANDARD = "gnu++14";
				CLANG_CXX_LIBRARY = "libc++";
				CLANG_ENABLE_MODULES = YES;
				CLANG_ENABLE_OBJC_ARC = YES;
				CLANG_ENABLE_OBJC_WEAK = YES;
				CLANG_WARN_BLOCK_CAPTURE_AUTORELEASING = YES;
				CLANG_WARN_BOOL_CONVERSION = YES;
				CLANG_WARN_COMMA = YES;
				CLANG_WARN_CONSTANT_CONVERSION = YES;
				CLANG_WARN_DEPRECATED_OBJC_IMPLEMENTATIONS = YES;
				CLANG_WARN_DIRECT_OBJC_ISA_USAGE = YES_ERROR;
				CLANG_WARN_DOCUMENTATION_COMMENTS = YES;
				CLANG_WARN_EMPTY_BODY = YES;
				CLANG_WARN_ENUM_CONVERSION = YES;
				CLANG_WARN_INFINITE_RECURSION = YES;
				CLANG_WARN_INT_CONVERSION = YES;
				CLANG_WARN_NON_LITERAL_NULL_CONVERSION = YES;
				CLANG_WARN_OBJC_IMPLICIT_RETAIN_SELF = YES;
				CLANG_WARN_OBJC_LITERAL_CONVERSION = YES;
				CLANG_WARN_OBJC_ROOT_CLASS = YES_ERROR;
				CLANG_WARN_RANGE_LOOP_ANALYSIS = YES;
				CLANG_WARN_STRICT_PROTOTYPES = YES;
				CLANG_WARN_SUSPICIOUS_MOVE = YES;
				CLANG_WARN_UNGUARDED_AVAILABILITY = YES_AGGRESSIVE;
				CLANG_WARN_UNREACHABLE_CODE = YES;
				CLANG_WARN__DUPLICATE_METHOD_MATCH = YES;
				COPY_PHASE_STRIP = NO;
				DEBUG_INFORMATION_FORMAT = dwarf;
				ENABLE_STRICT_OBJC_MSGSEND = YES;
				ENABLE_TESTABILITY = YES;
				GCC_C_LANGUAGE_STANDARD = gnu11;
				GCC_DYNAMIC_NO_PIC = NO;
				GCC_NO_COMMON_BLOCKS = YES;
				GCC_OPTIMIZATION_LEVEL = 0;
				GCC_PREPROCESSOR_DEFINITIONS = (
					"DEBUG=1",
					"$(inherited)",
				);
				GCC_WARN_64_TO_32_BIT_CONVERSION = YES;
				GCC_WARN_ABOUT_RETURN_TYPE = YES_ERROR;
				GCC_WARN_UNDECLARED_SELECTOR = YES;
				GCC_WARN_UNINITIALIZED_AUTOS = YES_AGGRESSIVE;
				GCC_WARN_UNUSED_FUNCTION = YES;
				GCC_WARN_UNUSED_VARIABLE = YES;
				IPHONEOS_DEPLOYMENT_TARGET = 13.2;
				MTL_ENABLE_DEBUG_INFO = INCLUDE_SOURCE;
				MTL_FAST_MATH = YES;
				ONLY_ACTIVE_ARCH = YES;
				SDKROOT = iphoneos;
				SWIFT_ACTIVE_COMPILATION_CONDITIONS = DEBUG;
				SWIFT_OPTIMIZATION_LEVEL = "-Onone";
			};
			name = Debug;
		};
		A419BA9A2416E4B100D24472 /* Release */ = {
			isa = XCBuildConfiguration;
			buildSettings = {
				ALWAYS_SEARCH_USER_PATHS = NO;
				CLANG_ANALYZER_NONNULL = YES;
				CLANG_ANALYZER_NUMBER_OBJECT_CONVERSION = YES_AGGRESSIVE;
				CLANG_CXX_LANGUAGE_STANDARD = "gnu++14";
				CLANG_CXX_LIBRARY = "libc++";
				CLANG_ENABLE_MODULES = YES;
				CLANG_ENABLE_OBJC_ARC = YES;
				CLANG_ENABLE_OBJC_WEAK = YES;
				CLANG_WARN_BLOCK_CAPTURE_AUTORELEASING = YES;
				CLANG_WARN_BOOL_CONVERSION = YES;
				CLANG_WARN_COMMA = YES;
				CLANG_WARN_CONSTANT_CONVERSION = YES;
				CLANG_WARN_DEPRECATED_OBJC_IMPLEMENTATIONS = YES;
				CLANG_WARN_DIRECT_OBJC_ISA_USAGE = YES_ERROR;
				CLANG_WARN_DOCUMENTATION_COMMENTS = YES;
				CLANG_WARN_EMPTY_BODY = YES;
				CLANG_WARN_ENUM_CONVERSION = YES;
				CLANG_WARN_INFINITE_RECURSION = YES;
				CLANG_WARN_INT_CONVERSION = YES;
				CLANG_WARN_NON_LITERAL_NULL_CONVERSION = YES;
				CLANG_WARN_OBJC_IMPLICIT_RETAIN_SELF = YES;
				CLANG_WARN_OBJC_LITERAL_CONVERSION = YES;
				CLANG_WARN_OBJC_ROOT_CLASS = YES_ERROR;
				CLANG_WARN_RANGE_LOOP_ANALYSIS = YES;
				CLANG_WARN_STRICT_PROTOTYPES = YES;
				CLANG_WARN_SUSPICIOUS_MOVE = YES;
				CLANG_WARN_UNGUARDED_AVAILABILITY = YES_AGGRESSIVE;
				CLANG_WARN_UNREACHABLE_CODE = YES;
				CLANG_WARN__DUPLICATE_METHOD_MATCH = YES;
				COPY_PHASE_STRIP = NO;
				DEBUG_INFORMATION_FORMAT = "dwarf-with-dsym";
				ENABLE_NS_ASSERTIONS = NO;
				ENABLE_STRICT_OBJC_MSGSEND = YES;
				GCC_C_LANGUAGE_STANDARD = gnu11;
				GCC_NO_COMMON_BLOCKS = YES;
				GCC_WARN_64_TO_32_BIT_CONVERSION = YES;
				GCC_WARN_ABOUT_RETURN_TYPE = YES_ERROR;
				GCC_WARN_UNDECLARED_SELECTOR = YES;
				GCC_WARN_UNINITIALIZED_AUTOS = YES_AGGRESSIVE;
				GCC_WARN_UNUSED_FUNCTION = YES;
				GCC_WARN_UNUSED_VARIABLE = YES;
				IPHONEOS_DEPLOYMENT_TARGET = 13.2;
				MTL_ENABLE_DEBUG_INFO = NO;
				MTL_FAST_MATH = YES;
				SDKROOT = iphoneos;
				SWIFT_COMPILATION_MODE = wholemodule;
				SWIFT_OPTIMIZATION_LEVEL = "-O";
				VALIDATE_PRODUCT = YES;
			};
			name = Release;
		};
		A419BA9C2416E4B100D24472 /* Debug */ = {
			isa = XCBuildConfiguration;
			buildSettings = {
				ASSETCATALOG_COMPILER_APPICON_NAME = AppIcon;
				CODE_SIGN_STYLE = Automatic;
				DEVELOPMENT_ASSET_PATHS = "\"ios-onlab/Preview Content\"";
				DEVELOPMENT_TEAM = RTG93BKR37;
				ENABLE_PREVIEWS = YES;
				INFOPLIST_FILE = "ios-onlab/Info.plist";
				LD_RUNPATH_SEARCH_PATHS = (
					"$(inherited)",
					"@executable_path/Frameworks",
				);
				PRODUCT_BUNDLE_IDENTIFIER = "hu.bme.aut.ios-onlab";
				PRODUCT_NAME = "$(TARGET_NAME)";
				SWIFT_VERSION = 5.0;
				TARGETED_DEVICE_FAMILY = "1,2";
			};
			name = Debug;
		};
		A419BA9D2416E4B100D24472 /* Release */ = {
			isa = XCBuildConfiguration;
			buildSettings = {
				ASSETCATALOG_COMPILER_APPICON_NAME = AppIcon;
				CODE_SIGN_STYLE = Automatic;
				DEVELOPMENT_ASSET_PATHS = "\"ios-onlab/Preview Content\"";
				DEVELOPMENT_TEAM = RTG93BKR37;
				ENABLE_PREVIEWS = YES;
				INFOPLIST_FILE = "ios-onlab/Info.plist";
				LD_RUNPATH_SEARCH_PATHS = (
					"$(inherited)",
					"@executable_path/Frameworks",
				);
				PRODUCT_BUNDLE_IDENTIFIER = "hu.bme.aut.ios-onlab";
				PRODUCT_NAME = "$(TARGET_NAME)";
				SWIFT_VERSION = 5.0;
				TARGETED_DEVICE_FAMILY = "1,2";
			};
			name = Release;
		};
/* End XCBuildConfiguration section */

/* Begin XCConfigurationList section */
		A419BA822416E4AF00D24472 /* Build configuration list for PBXProject "ios-onlab" */ = {
			isa = XCConfigurationList;
			buildConfigurations = (
				A419BA992416E4B100D24472 /* Debug */,
				A419BA9A2416E4B100D24472 /* Release */,
			);
			defaultConfigurationIsVisible = 0;
			defaultConfigurationName = Release;
		};
		A419BA9B2416E4B100D24472 /* Build configuration list for PBXNativeTarget "ios-onlab" */ = {
			isa = XCConfigurationList;
			buildConfigurations = (
				A419BA9C2416E4B100D24472 /* Debug */,
				A419BA9D2416E4B100D24472 /* Release */,
			);
			defaultConfigurationIsVisible = 0;
			defaultConfigurationName = Release;
		};
/* End XCConfigurationList section */
	};
	rootObject = A419BA7F2416E4AF00D24472 /* Project object */;
}
